
Microsoft Visual Studio Solution File, Format Version 12.00
# Visual Studio 15
VisualStudioVersion = 15.0.28010.2016
MinimumVisualStudioVersion = 10.0.40219.1
Project("{FAE04EC0-301F-11D3-BF4B-00C04F79EFBC}") = "ConsoleApp1", "ConsoleApp1\ConsoleApp1.csproj", "{5A97DC97-5921-4A72-810D-FEC35F56A794}"
EndProject
Global
	GlobalSection(SolutionConfigurationPlatforms) = preSolution
		Debug|Any CPU = Debug|Any CPU
		Release|Any CPU = Release|Any CPU
	EndGlobalSection
	GlobalSection(ProjectConfigurationPlatforms) = postSolution
		{5A97DC97-5921-4A72-810D-FEC35F56A794}.Debug|Any CPU.ActiveCfg = Debug|Any CPU
		{5A97DC97-5921-4A72-810D-FEC35F56A794}.Debug|Any CPU.Build.0 = Debug|Any CPU
		{5A97DC97-5921-4A72-810D-FEC35F56A794}.Release|Any CPU.ActiveCfg = Release|Any CPU
		{5A97DC97-5921-4A72-810D-FEC35F56A794}.Release|Any CPU.Build.0 = Release|Any CPU
	EndGlobalSection
	GlobalSection(SolutionProperties) = preSolution
		HideSolutionNode = FALSE
	EndGlobalSection
	GlobalSection(ExtensibilityGlobals) = postSolution
		SolutionGuid = {10FA241E-0D07-4812-9840-512AEC2B8D46}
	EndGlobalSection
EndGlobal
